// !$*UTF8*$!
{
	archiveVersion = 1;
	classes = {
	};
	objectVersion = 52;
	objects = {

/* Begin PBXBuildFile section */
		6D1F80D7236FE6F400902844 /* AppDelegate.swift in Sources */ = {isa = PBXBuildFile; fileRef = 6D1F80D6236FE6F400902844 /* AppDelegate.swift */; };
		6D1F80D9236FE6F400902844 /* SceneDelegate.swift in Sources */ = {isa = PBXBuildFile; fileRef = 6D1F80D8236FE6F400902844 /* SceneDelegate.swift */; };
		6D1F80DC236FE6F400902844 /* AttentionApp.xcdatamodeld in Sources */ = {isa = PBXBuildFile; fileRef = 6D1F80DA236FE6F400902844 /* AttentionApp.xcdatamodeld */; };
		6D1F80E0236FE6F600902844 /* Assets.xcassets in Resources */ = {isa = PBXBuildFile; fileRef = 6D1F80DF236FE6F600902844 /* Assets.xcassets */; };
		6D1F80E3236FE6F600902844 /* Preview Assets.xcassets in Resources */ = {isa = PBXBuildFile; fileRef = 6D1F80E2236FE6F600902844 /* Preview Assets.xcassets */; };
		6D1F80E6236FE6F600902844 /* LaunchScreen.storyboard in Resources */ = {isa = PBXBuildFile; fileRef = 6D1F80E4236FE6F600902844 /* LaunchScreen.storyboard */; };
		6D1F80EF236FEF4D00902844 /* Alamofire in Frameworks */ = {isa = PBXBuildFile; productRef = 6D1F80EE236FEF4D00902844 /* Alamofire */; };
		6D1F80F2236FEF7E00902844 /* SwiftyJSON in Frameworks */ = {isa = PBXBuildFile; productRef = 6D1F80F1236FEF7E00902844 /* SwiftyJSON */; };
		6D1F80F8236FF0E700902844 /* LogInView.swift in Sources */ = {isa = PBXBuildFile; fileRef = 6D1F80F7236FF0E700902844 /* LogInView.swift */; };
		6D1F80FA236FF19300902844 /* RequestAPI.swift in Sources */ = {isa = PBXBuildFile; fileRef = 6D1F80F9236FF19300902844 /* RequestAPI.swift */; };
		6D1F80FD236FF67300902844 /* AccountAPI.swift in Sources */ = {isa = PBXBuildFile; fileRef = 6D1F80FC236FF67300902844 /* AccountAPI.swift */; };
		6D1F80FF236FF72300902844 /* AccountModel.swift in Sources */ = {isa = PBXBuildFile; fileRef = 6D1F80FE236FF72300902844 /* AccountModel.swift */; };
		6D1F8101236FF87400902844 /* GlobalState.swift in Sources */ = {isa = PBXBuildFile; fileRef = 6D1F8100236FF87400902844 /* GlobalState.swift */; };
		6D2CF68A2375039500C44788 /* RegisterView.swift in Sources */ = {isa = PBXBuildFile; fileRef = 6D2CF6892375039500C44788 /* RegisterView.swift */; };
		6DC2ED78237B94DC0015A2B6 /* NurseAPI.swift in Sources */ = {isa = PBXBuildFile; fileRef = 6DC2ED77237B94DC0015A2B6 /* NurseAPI.swift */; };
		6DC2ED7A237B954D0015A2B6 /* NurseModel.swift in Sources */ = {isa = PBXBuildFile; fileRef = 6DC2ED79237B954D0015A2B6 /* NurseModel.swift */; };
/* End PBXBuildFile section */

/* Begin PBXFileReference section */
		6D1F80D3236FE6F400902844 /* AttentionApp.app */ = {isa = PBXFileReference; explicitFileType = wrapper.application; includeInIndex = 0; path = AttentionApp.app; sourceTree = BUILT_PRODUCTS_DIR; };
		6D1F80D6236FE6F400902844 /* AppDelegate.swift */ = {isa = PBXFileReference; lastKnownFileType = sourcecode.swift; path = AppDelegate.swift; sourceTree = "<group>"; };
		6D1F80D8236FE6F400902844 /* SceneDelegate.swift */ = {isa = PBXFileReference; lastKnownFileType = sourcecode.swift; path = SceneDelegate.swift; sourceTree = "<group>"; };
		6D1F80DB236FE6F400902844 /* AttentionApp.xcdatamodel */ = {isa = PBXFileReference; lastKnownFileType = wrapper.xcdatamodel; path = AttentionApp.xcdatamodel; sourceTree = "<group>"; };
		6D1F80DF236FE6F600902844 /* Assets.xcassets */ = {isa = PBXFileReference; lastKnownFileType = folder.assetcatalog; path = Assets.xcassets; sourceTree = "<group>"; };
		6D1F80E2236FE6F600902844 /* Preview Assets.xcassets */ = {isa = PBXFileReference; lastKnownFileType = folder.assetcatalog; path = "Preview Assets.xcassets"; sourceTree = "<group>"; };
		6D1F80E5236FE6F600902844 /* Base */ = {isa = PBXFileReference; lastKnownFileType = file.storyboard; name = Base; path = Base.lproj/LaunchScreen.storyboard; sourceTree = "<group>"; };
		6D1F80E7236FE6F600902844 /* Info.plist */ = {isa = PBXFileReference; lastKnownFileType = text.plist.xml; path = Info.plist; sourceTree = "<group>"; };
		6D1F80F7236FF0E700902844 /* LogInView.swift */ = {isa = PBXFileReference; lastKnownFileType = sourcecode.swift; path = LogInView.swift; sourceTree = "<group>"; };
		6D1F80F9236FF19300902844 /* RequestAPI.swift */ = {isa = PBXFileReference; lastKnownFileType = sourcecode.swift; path = RequestAPI.swift; sourceTree = "<group>"; };
		6D1F80FC236FF67300902844 /* AccountAPI.swift */ = {isa = PBXFileReference; lastKnownFileType = sourcecode.swift; path = AccountAPI.swift; sourceTree = "<group>"; };
		6D1F80FE236FF72300902844 /* AccountModel.swift */ = {isa = PBXFileReference; lastKnownFileType = sourcecode.swift; path = AccountModel.swift; sourceTree = "<group>"; };
		6D1F8100236FF87400902844 /* GlobalState.swift */ = {isa = PBXFileReference; lastKnownFileType = sourcecode.swift; path = GlobalState.swift; sourceTree = "<group>"; };
		6D2CF6892375039500C44788 /* RegisterView.swift */ = {isa = PBXFileReference; lastKnownFileType = sourcecode.swift; path = RegisterView.swift; sourceTree = "<group>"; };
		6DC2ED77237B94DC0015A2B6 /* NurseAPI.swift */ = {isa = PBXFileReference; lastKnownFileType = sourcecode.swift; path = NurseAPI.swift; sourceTree = "<group>"; };
		6DC2ED79237B954D0015A2B6 /* NurseModel.swift */ = {isa = PBXFileReference; lastKnownFileType = sourcecode.swift; path = NurseModel.swift; sourceTree = "<group>"; };
/* End PBXFileReference section */

/* Begin PBXFrameworksBuildPhase section */
		6D1F80D0236FE6F400902844 /* Frameworks */ = {
			isa = PBXFrameworksBuildPhase;
			buildActionMask = 2147483647;
			files = (
				6D1F80F2236FEF7E00902844 /* SwiftyJSON in Frameworks */,
				6D1F80EF236FEF4D00902844 /* Alamofire in Frameworks */,
			);
			runOnlyForDeploymentPostprocessing = 0;
		};
/* End PBXFrameworksBuildPhase section */

/* Begin PBXGroup section */
		6D1F80CA236FE6F400902844 = {
			isa = PBXGroup;
			children = (
				6D1F80D5236FE6F400902844 /* AttentionApp */,
				6D1F80D4236FE6F400902844 /* Products */,
			);
			sourceTree = "<group>";
		};
		6D1F80D4236FE6F400902844 /* Products */ = {
			isa = PBXGroup;
			children = (
				6D1F80D3236FE6F400902844 /* AttentionApp.app */,
			);
			name = Products;
			sourceTree = "<group>";
		};
		6D1F80D5236FE6F400902844 /* AttentionApp */ = {
			isa = PBXGroup;
			children = (
				6D1F80F5236FF03100902844 /* Common */,
				6D1F80F4236FF02900902844 /* Model */,
				6D1F80F3236FF01000902844 /* View */,
				6D1F80D6236FE6F400902844 /* AppDelegate.swift */,
				6D1F80D8236FE6F400902844 /* SceneDelegate.swift */,
				6D1F80DF236FE6F600902844 /* Assets.xcassets */,
				6D1F80E4236FE6F600902844 /* LaunchScreen.storyboard */,
				6D1F80E7236FE6F600902844 /* Info.plist */,
				6D1F80DA236FE6F400902844 /* AttentionApp.xcdatamodeld */,
				6D1F80E1236FE6F600902844 /* Preview Content */,
			);
			path = AttentionApp;
			sourceTree = "<group>";
		};
		6D1F80E1236FE6F600902844 /* Preview Content */ = {
			isa = PBXGroup;
			children = (
				6D1F80E2236FE6F600902844 /* Preview Assets.xcassets */,
			);
			path = "Preview Content";
			sourceTree = "<group>";
		};
		6D1F80F3236FF01000902844 /* View */ = {
			isa = PBXGroup;
			children = (
				6D2CF6882375037600C44788 /* Register */,
				6D1F80F6236FF0CB00902844 /* LogIn */,
			);
			path = View;
			sourceTree = "<group>";
		};
		6D1F80F4236FF02900902844 /* Model */ = {
			isa = PBXGroup;
			children = (
				6DC2ED76237B94A10015A2B6 /* Nurse */,
				6D1F80FB236FF62700902844 /* Account */,
			);
			path = Model;
			sourceTree = "<group>";
		};
		6D1F80F5236FF03100902844 /* Common */ = {
			isa = PBXGroup;
			children = (
				6D1F80F9236FF19300902844 /* RequestAPI.swift */,
				6D1F8100236FF87400902844 /* GlobalState.swift */,
			);
			path = Common;
			sourceTree = "<group>";
		};
		6D1F80F6236FF0CB00902844 /* LogIn */ = {
			isa = PBXGroup;
			children = (
				6D1F80F7236FF0E700902844 /* LogInView.swift */,
			);
			path = LogIn;
			sourceTree = "<group>";
		};
		6D1F80FB236FF62700902844 /* Account */ = {
			isa = PBXGroup;
			children = (
				6D1F80FC236FF67300902844 /* AccountAPI.swift */,
				6D1F80FE236FF72300902844 /* AccountModel.swift */,
			);
			path = Account;
			sourceTree = "<group>";
		};
		6D2CF6882375037600C44788 /* Register */ = {
			isa = PBXGroup;
			children = (
				6D2CF6892375039500C44788 /* RegisterView.swift */,
			);
			path = Register;
			sourceTree = "<group>";
		};
		6DC2ED76237B94A10015A2B6 /* Nurse */ = {
			isa = PBXGroup;
			children = (
				6DC2ED77237B94DC0015A2B6 /* NurseAPI.swift */,
				6DC2ED79237B954D0015A2B6 /* NurseModel.swift */,
			);
			path = Nurse;
			sourceTree = "<group>";
		};
/* End PBXGroup section */

/* Begin PBXNativeTarget section */
		6D1F80D2236FE6F400902844 /* AttentionApp */ = {
			isa = PBXNativeTarget;
			buildConfigurationList = 6D1F80EA236FE6F600902844 /* Build configuration list for PBXNativeTarget "AttentionApp" */;
			buildPhases = (
				6D1F80CF236FE6F400902844 /* Sources */,
				6D1F80D0236FE6F400902844 /* Frameworks */,
				6D1F80D1236FE6F400902844 /* Resources */,
			);
			buildRules = (
			);
			dependencies = (
			);
			name = AttentionApp;
			packageProductDependencies = (
				6D1F80EE236FEF4D00902844 /* Alamofire */,
				6D1F80F1236FEF7E00902844 /* SwiftyJSON */,
			);
			productName = AttentionApp;
			productReference = 6D1F80D3236FE6F400902844 /* AttentionApp.app */;
			productType = "com.apple.product-type.application";
		};
/* End PBXNativeTarget section */

/* Begin PBXProject section */
		6D1F80CB236FE6F400902844 /* Project object */ = {
			isa = PBXProject;
			attributes = {
				LastSwiftUpdateCheck = 1110;
				LastUpgradeCheck = 1110;
				ORGANIZATIONNAME = "Ricardo Guevara";
				TargetAttributes = {
					6D1F80D2236FE6F400902844 = {
						CreatedOnToolsVersion = 11.1;
					};
				};
			};
			buildConfigurationList = 6D1F80CE236FE6F400902844 /* Build configuration list for PBXProject "AttentionApp" */;
			compatibilityVersion = "Xcode 9.3";
			developmentRegion = en;
			hasScannedForEncodings = 0;
			knownRegions = (
				en,
				Base,
			);
			mainGroup = 6D1F80CA236FE6F400902844;
			packageReferences = (
				6D1F80ED236FEF4D00902844 /* XCRemoteSwiftPackageReference "Alamofire" */,
				6D1F80F0236FEF7E00902844 /* XCRemoteSwiftPackageReference "SwiftyJSON" */,
			);
			productRefGroup = 6D1F80D4236FE6F400902844 /* Products */;
			projectDirPath = "";
			projectRoot = "";
			targets = (
				6D1F80D2236FE6F400902844 /* AttentionApp */,
			);
		};
/* End PBXProject section */

/* Begin PBXResourcesBuildPhase section */
		6D1F80D1236FE6F400902844 /* Resources */ = {
			isa = PBXResourcesBuildPhase;
			buildActionMask = 2147483647;
			files = (
				6D1F80E6236FE6F600902844 /* LaunchScreen.storyboard in Resources */,
				6D1F80E3236FE6F600902844 /* Preview Assets.xcassets in Resources */,
				6D1F80E0236FE6F600902844 /* Assets.xcassets in Resources */,
			);
			runOnlyForDeploymentPostprocessing = 0;
		};
/* End PBXResourcesBuildPhase section */

/* Begin PBXSourcesBuildPhase section */
		6D1F80CF236FE6F400902844 /* Sources */ = {
			isa = PBXSourcesBuildPhase;
			buildActionMask = 2147483647;
			files = (
				6D2CF68A2375039500C44788 /* RegisterView.swift in Sources */,
				6D1F80FD236FF67300902844 /* AccountAPI.swift in Sources */,
				6DC2ED78237B94DC0015A2B6 /* NurseAPI.swift in Sources */,
				6DC2ED7A237B954D0015A2B6 /* NurseModel.swift in Sources */,
				6D1F80DC236FE6F400902844 /* AttentionApp.xcdatamodeld in Sources */,
				6D1F80FF236FF72300902844 /* AccountModel.swift in Sources */,
				6D1F80D7236FE6F400902844 /* AppDelegate.swift in Sources */,
				6D1F80F8236FF0E700902844 /* LogInView.swift in Sources */,
				6D1F80FA236FF19300902844 /* RequestAPI.swift in Sources */,
				6D1F8101236FF87400902844 /* GlobalState.swift in Sources */,
				6D1F80D9236FE6F400902844 /* SceneDelegate.swift in Sources */,
			);
			runOnlyForDeploymentPostprocessing = 0;
		};
/* End PBXSourcesBuildPhase section */

/* Begin PBXVariantGroup section */
		6D1F80E4236FE6F600902844 /* LaunchScreen.storyboard */ = {
			isa = PBXVariantGroup;
			children = (
				6D1F80E5236FE6F600902844 /* Base */,
			);
			name = LaunchScreen.storyboard;
			sourceTree = "<group>";
		};
/* End PBXVariantGroup section */

/* Begin XCBuildConfiguration section */
		6D1F80E8236FE6F600902844 /* Debug */ = {
			isa = XCBuildConfiguration;
			buildSettings = {
				ALWAYS_SEARCH_USER_PATHS = NO;
				CLANG_ANALYZER_NONNULL = YES;
				CLANG_ANALYZER_NUMBER_OBJECT_CONVERSION = YES_AGGRESSIVE;
				CLANG_CXX_LANGUAGE_STANDARD = "gnu++14";
				CLANG_CXX_LIBRARY = "libc++";
				CLANG_ENABLE_MODULES = YES;
				CLANG_ENABLE_OBJC_ARC = YES;
				CLANG_ENABLE_OBJC_WEAK = YES;
				CLANG_WARN_BLOCK_CAPTURE_AUTORELEASING = YES;
				CLANG_WARN_BOOL_CONVERSION = YES;
				CLANG_WARN_COMMA = YES;
				CLANG_WARN_CONSTANT_CONVERSION = YES;
				CLANG_WARN_DEPRECATED_OBJC_IMPLEMENTATIONS = YES;
				CLANG_WARN_DIRECT_OBJC_ISA_USAGE = YES_ERROR;
				CLANG_WARN_DOCUMENTATION_COMMENTS = YES;
				CLANG_WARN_EMPTY_BODY = YES;
				CLANG_WARN_ENUM_CONVERSION = YES;
				CLANG_WARN_INFINITE_RECURSION = YES;
				CLANG_WARN_INT_CONVERSION = YES;
				CLANG_WARN_NON_LITERAL_NULL_CONVERSION = YES;
				CLANG_WARN_OBJC_IMPLICIT_RETAIN_SELF = YES;
				CLANG_WARN_OBJC_LITERAL_CONVERSION = YES;
				CLANG_WARN_OBJC_ROOT_CLASS = YES_ERROR;
				CLANG_WARN_RANGE_LOOP_ANALYSIS = YES;
				CLANG_WARN_STRICT_PROTOTYPES = YES;
				CLANG_WARN_SUSPICIOUS_MOVE = YES;
				CLANG_WARN_UNGUARDED_AVAILABILITY = YES_AGGRESSIVE;
				CLANG_WARN_UNREACHABLE_CODE = YES;
				CLANG_WARN__DUPLICATE_METHOD_MATCH = YES;
				COPY_PHASE_STRIP = NO;
				DEBUG_INFORMATION_FORMAT = dwarf;
				ENABLE_STRICT_OBJC_MSGSEND = YES;
				ENABLE_TESTABILITY = YES;
				GCC_C_LANGUAGE_STANDARD = gnu11;
				GCC_DYNAMIC_NO_PIC = NO;
				GCC_NO_COMMON_BLOCKS = YES;
				GCC_OPTIMIZATION_LEVEL = 0;
				GCC_PREPROCESSOR_DEFINITIONS = (
					"DEBUG=1",
					"$(inherited)",
				);
				GCC_WARN_64_TO_32_BIT_CONVERSION = YES;
				GCC_WARN_ABOUT_RETURN_TYPE = YES_ERROR;
				GCC_WARN_UNDECLARED_SELECTOR = YES;
				GCC_WARN_UNINITIALIZED_AUTOS = YES_AGGRESSIVE;
				GCC_WARN_UNUSED_FUNCTION = YES;
				GCC_WARN_UNUSED_VARIABLE = YES;
				IPHONEOS_DEPLOYMENT_TARGET = 13.1;
				MTL_ENABLE_DEBUG_INFO = INCLUDE_SOURCE;
				MTL_FAST_MATH = YES;
				ONLY_ACTIVE_ARCH = YES;
				SDKROOT = iphoneos;
				SWIFT_ACTIVE_COMPILATION_CONDITIONS = DEBUG;
				SWIFT_OPTIMIZATION_LEVEL = "-Onone";
			};
			name = Debug;
		};
		6D1F80E9236FE6F600902844 /* Release */ = {
			isa = XCBuildConfiguration;
			buildSettings = {
				ALWAYS_SEARCH_USER_PATHS = NO;
				CLANG_ANALYZER_NONNULL = YES;
				CLANG_ANALYZER_NUMBER_OBJECT_CONVERSION = YES_AGGRESSIVE;
				CLANG_CXX_LANGUAGE_STANDARD = "gnu++14";
				CLANG_CXX_LIBRARY = "libc++";
				CLANG_ENABLE_MODULES = YES;
				CLANG_ENABLE_OBJC_ARC = YES;
				CLANG_ENABLE_OBJC_WEAK = YES;
				CLANG_WARN_BLOCK_CAPTURE_AUTORELEASING = YES;
				CLANG_WARN_BOOL_CONVERSION = YES;
				CLANG_WARN_COMMA = YES;
				CLANG_WARN_CONSTANT_CONVERSION = YES;
				CLANG_WARN_DEPRECATED_OBJC_IMPLEMENTATIONS = YES;
				CLANG_WARN_DIRECT_OBJC_ISA_USAGE = YES_ERROR;
				CLANG_WARN_DOCUMENTATION_COMMENTS = YES;
				CLANG_WARN_EMPTY_BODY = YES;
				CLANG_WARN_ENUM_CONVERSION = YES;
				CLANG_WARN_INFINITE_RECURSION = YES;
				CLANG_WARN_INT_CONVERSION = YES;
				CLANG_WARN_NON_LITERAL_NULL_CONVERSION = YES;
				CLANG_WARN_OBJC_IMPLICIT_RETAIN_SELF = YES;
				CLANG_WARN_OBJC_LITERAL_CONVERSION = YES;
				CLANG_WARN_OBJC_ROOT_CLASS = YES_ERROR;
				CLANG_WARN_RANGE_LOOP_ANALYSIS = YES;
				CLANG_WARN_STRICT_PROTOTYPES = YES;
				CLANG_WARN_SUSPICIOUS_MOVE = YES;
				CLANG_WARN_UNGUARDED_AVAILABILITY = YES_AGGRESSIVE;
				CLANG_WARN_UNREACHABLE_CODE = YES;
				CLANG_WARN__DUPLICATE_METHOD_MATCH = YES;
				COPY_PHASE_STRIP = NO;
				DEBUG_INFORMATION_FORMAT = "dwarf-with-dsym";
				ENABLE_NS_ASSERTIONS = NO;
				ENABLE_STRICT_OBJC_MSGSEND = YES;
				GCC_C_LANGUAGE_STANDARD = gnu11;
				GCC_NO_COMMON_BLOCKS = YES;
				GCC_WARN_64_TO_32_BIT_CONVERSION = YES;
				GCC_WARN_ABOUT_RETURN_TYPE = YES_ERROR;
				GCC_WARN_UNDECLARED_SELECTOR = YES;
				GCC_WARN_UNINITIALIZED_AUTOS = YES_AGGRESSIVE;
				GCC_WARN_UNUSED_FUNCTION = YES;
				GCC_WARN_UNUSED_VARIABLE = YES;
				IPHONEOS_DEPLOYMENT_TARGET = 13.1;
				MTL_ENABLE_DEBUG_INFO = NO;
				MTL_FAST_MATH = YES;
				SDKROOT = iphoneos;
				SWIFT_COMPILATION_MODE = wholemodule;
				SWIFT_OPTIMIZATION_LEVEL = "-O";
				VALIDATE_PRODUCT = YES;
			};
			name = Release;
		};
		6D1F80EB236FE6F600902844 /* Debug */ = {
			isa = XCBuildConfiguration;
			buildSettings = {
				ASSETCATALOG_COMPILER_APPICON_NAME = AppIcon;
				CODE_SIGN_STYLE = Automatic;
				DEVELOPMENT_ASSET_PATHS = "\"AttentionApp/Preview Content\"";
				DEVELOPMENT_TEAM = 2W36P3QYDT;
				ENABLE_PREVIEWS = YES;
				INFOPLIST_FILE = AttentionApp/Info.plist;
				LD_RUNPATH_SEARCH_PATHS = (
					"$(inherited)",
					"@executable_path/Frameworks",
				);
				PRODUCT_BUNDLE_IDENTIFIER = com.ricardoguevara.AttentionApp;
				PRODUCT_NAME = "$(TARGET_NAME)";
				SWIFT_VERSION = 5.0;
				TARGETED_DEVICE_FAMILY = "1,2";
			};
			name = Debug;
		};
		6D1F80EC236FE6F600902844 /* Release */ = {
			isa = XCBuildConfiguration;
			buildSettings = {
				ASSETCATALOG_COMPILER_APPICON_NAME = AppIcon;
				CODE_SIGN_STYLE = Automatic;
				DEVELOPMENT_ASSET_PATHS = "\"AttentionApp/Preview Content\"";
				DEVELOPMENT_TEAM = 2W36P3QYDT;
				ENABLE_PREVIEWS = YES;
				INFOPLIST_FILE = AttentionApp/Info.plist;
				LD_RUNPATH_SEARCH_PATHS = (
					"$(inherited)",
					"@executable_path/Frameworks",
				);
				PRODUCT_BUNDLE_IDENTIFIER = com.ricardoguevara.AttentionApp;
				PRODUCT_NAME = "$(TARGET_NAME)";
				SWIFT_VERSION = 5.0;
				TARGETED_DEVICE_FAMILY = "1,2";
			};
			name = Release;
		};
/* End XCBuildConfiguration section */

/* Begin XCConfigurationList section */
		6D1F80CE236FE6F400902844 /* Build configuration list for PBXProject "AttentionApp" */ = {
			isa = XCConfigurationList;
			buildConfigurations = (
				6D1F80E8236FE6F600902844 /* Debug */,
				6D1F80E9236FE6F600902844 /* Release */,
			);
			defaultConfigurationIsVisible = 0;
			defaultConfigurationName = Release;
		};
		6D1F80EA236FE6F600902844 /* Build configuration list for PBXNativeTarget "AttentionApp" */ = {
			isa = XCConfigurationList;
			buildConfigurations = (
				6D1F80EB236FE6F600902844 /* Debug */,
				6D1F80EC236FE6F600902844 /* Release */,
			);
			defaultConfigurationIsVisible = 0;
			defaultConfigurationName = Release;
		};
/* End XCConfigurationList section */

/* Begin XCRemoteSwiftPackageReference section */
		6D1F80ED236FEF4D00902844 /* XCRemoteSwiftPackageReference "Alamofire" */ = {
			isa = XCRemoteSwiftPackageReference;
			repositoryURL = "https://github.com/Alamofire/Alamofire.git";
			requirement = {
				kind = upToNextMajorVersion;
				minimumVersion = 4.9.1;
			};
		};
		6D1F80F0236FEF7E00902844 /* XCRemoteSwiftPackageReference "SwiftyJSON" */ = {
			isa = XCRemoteSwiftPackageReference;
			repositoryURL = "https://github.com/SwiftyJSON/SwiftyJSON.git";
			requirement = {
				kind = upToNextMajorVersion;
				minimumVersion = 5.0.0;
			};
		};
/* End XCRemoteSwiftPackageReference section */

/* Begin XCSwiftPackageProductDependency section */
		6D1F80EE236FEF4D00902844 /* Alamofire */ = {
			isa = XCSwiftPackageProductDependency;
			package = 6D1F80ED236FEF4D00902844 /* XCRemoteSwiftPackageReference "Alamofire" */;
			productName = Alamofire;
		};
		6D1F80F1236FEF7E00902844 /* SwiftyJSON */ = {
			isa = XCSwiftPackageProductDependency;
			package = 6D1F80F0236FEF7E00902844 /* XCRemoteSwiftPackageReference "SwiftyJSON" */;
			productName = SwiftyJSON;
		};
/* End XCSwiftPackageProductDependency section */

/* Begin XCVersionGroup section */
		6D1F80DA236FE6F400902844 /* AttentionApp.xcdatamodeld */ = {
			isa = XCVersionGroup;
			children = (
				6D1F80DB236FE6F400902844 /* AttentionApp.xcdatamodel */,
			);
			currentVersion = 6D1F80DB236FE6F400902844 /* AttentionApp.xcdatamodel */;
			path = AttentionApp.xcdatamodeld;
			sourceTree = "<group>";
			versionGroupType = wrapper.xcdatamodel;
		};
/* End XCVersionGroup section */
	};
	rootObject = 6D1F80CB236FE6F400902844 /* Project object */;
}
